
Microsoft Visual Studio Solution File, Format Version 12.00
# Visual Studio Version 16
VisualStudioVersion = 16.0.30330.147
MinimumVisualStudioVersion = 10.0.40219.1
Project("{FAE04EC0-301F-11D3-BF4B-00C04F79EFBC}") = "ProjADO.NETaula", "ProjADO.NETaula\ProjADO.NETaula.csproj", "{F4556E5E-1727-44DB-B712-D0CE88441C53}"
EndProject
Project("{FAE04EC0-301F-11D3-BF4B-00C04F79EFBC}") = "Model", "Model\Model.csproj", "{71999FA9-4E46-4A69-84B3-FD8D94DC1ADB}"
EndProject
Project("{FAE04EC0-301F-11D3-BF4B-00C04F79EFBC}") = "Dal", "Dal\Dal.csproj", "{1201B258-688C-458C-9599-15CA89A6CDFA}"
EndProject
Global
	GlobalSection(SolutionConfigurationPlatforms) = preSolution
		Debug|Any CPU = Debug|Any CPU
		Release|Any CPU = Release|Any CPU
	EndGlobalSection
	GlobalSection(ProjectConfigurationPlatforms) = postSolution
		{F4556E5E-1727-44DB-B712-D0CE88441C53}.Debug|Any CPU.ActiveCfg = Debug|Any CPU
		{F4556E5E-1727-44DB-B712-D0CE88441C53}.Debug|Any CPU.Build.0 = Debug|Any CPU
		{F4556E5E-1727-44DB-B712-D0CE88441C53}.Release|Any CPU.ActiveCfg = Release|Any CPU
		{F4556E5E-1727-44DB-B712-D0CE88441C53}.Release|Any CPU.Build.0 = Release|Any CPU
		{71999FA9-4E46-4A69-84B3-FD8D94DC1ADB}.Debug|Any CPU.ActiveCfg = Debug|Any CPU
		{71999FA9-4E46-4A69-84B3-FD8D94DC1ADB}.Debug|Any CPU.Build.0 = Debug|Any CPU
		{71999FA9-4E46-4A69-84B3-FD8D94DC1ADB}.Release|Any CPU.ActiveCfg = Release|Any CPU
		{71999FA9-4E46-4A69-84B3-FD8D94DC1ADB}.Release|Any CPU.Build.0 = Release|Any CPU
		{1201B258-688C-458C-9599-15CA89A6CDFA}.Debug|Any CPU.ActiveCfg = Debug|Any CPU
		{1201B258-688C-458C-9599-15CA89A6CDFA}.Debug|Any CPU.Build.0 = Debug|Any CPU
		{1201B258-688C-458C-9599-15CA89A6CDFA}.Release|Any CPU.ActiveCfg = Release|Any CPU
		{1201B258-688C-458C-9599-15CA89A6CDFA}.Release|Any CPU.Build.0 = Release|Any CPU
	EndGlobalSection
	GlobalSection(SolutionProperties) = preSolution
		HideSolutionNode = FALSE
	EndGlobalSection
	GlobalSection(ExtensibilityGlobals) = postSolution
		SolutionGuid = {EB69BFA4-64AF-4933-A91B-B84E9878F5C3}
	EndGlobalSection
EndGlobal
